github.com/apache/cassandra-gocql-driver/v2 v2.0.0-rc1-tentative h1:Jn4BCVpqLlJlYG/Bv9pmIV/6iPoU/dhT4HiCQG6qbDs=
github.com/apache/cassandra-gocql-driver/v2 v2.0.0-rc1-tentative/go.mod h1:QH/asJjB3mHvY6Dot6ZKMMpTcOrWJ8i9GhsvG1g0PK4=
gopkg.in/inf.v0 v0.9.1 h1:73M5CoZyi3ZLMOyDlQh031Cx6N9NDJ2Vvfl76EDAgDc=
gopkg.in/inf.v0 v0.9.1/go.mod h1:cWUDdTG/fYaXco+Dcufb5Vnc6Gp2YChqWtbxRZE0mXw=
